
Microsoft Visual Studio Solution File, Format Version 12.00
# Visual Studio Version 16
VisualStudioVersion = 16.0.31624.102
MinimumVisualStudioVersion = 10.0.40219.1
Project("{8BC9CEB8-8B4A-11D0-8D11-00A0C91BC942}") = "Lab1_Square", "Lab1_Square\Lab1_Square.vcxproj", "{ECC7E20D-5029-42C9-9962-599B8F451256}"
EndProject
Global
	GlobalSection(SolutionConfigurationPlatforms) = preSolution
		Debug|x64 = Debug|x64
		Debug|x86 = Debug|x86
		Release|x64 = Release|x64
		Release|x86 = Release|x86
	EndGlobalSection
	GlobalSection(ProjectConfigurationPlatforms) = postSolution
		{ECC7E20D-5029-42C9-9962-599B8F451256}.Debug|x64.ActiveCfg = Debug|x64
		{ECC7E20D-5029-42C9-9962-599B8F451256}.Debug|x64.Build.0 = Debug|x64
		{ECC7E20D-5029-42C9-9962-599B8F451256}.Debug|x86.ActiveCfg = Debug|Win32
		{ECC7E20D-5029-42C9-9962-599B8F451256}.Debug|x86.Build.0 = Debug|Win32
		{ECC7E20D-5029-42C9-9962-599B8F451256}.Release|x64.ActiveCfg = Release|x64
		{ECC7E20D-5029-42C9-9962-599B8F451256}.Release|x64.Build.0 = Release|x64
		{ECC7E20D-5029-42C9-9962-599B8F451256}.Release|x86.ActiveCfg = Release|Win32
		{ECC7E20D-5029-42C9-9962-599B8F451256}.Release|x86.Build.0 = Release|Win32
	EndGlobalSection
	GlobalSection(SolutionProperties) = preSolution
		HideSolutionNode = FALSE
	EndGlobalSection
	GlobalSection(ExtensibilityGlobals) = postSolution
		SolutionGuid = {24B68C70-58B0-4C15-8344-99E7B0FD6A12}
	EndGlobalSection
EndGlobal
